// !$*UTF8*$!
{
	archiveVersion = 1;
	classes = {
	};
	objectVersion = 50;
	objects = {

/* Begin PBXBuildFile section */
		7B2414F42561551D00E3833C /* iOS_HW5App.swift in Sources */ = {isa = PBXBuildFile; fileRef = 7B2414F32561551D00E3833C /* iOS_HW5App.swift */; };
		7B2414F62561551D00E3833C /* ContentView.swift in Sources */ = {isa = PBXBuildFile; fileRef = 7B2414F52561551D00E3833C /* ContentView.swift */; };
		7B2414F82561552200E3833C /* Assets.xcassets in Resources */ = {isa = PBXBuildFile; fileRef = 7B2414F72561552200E3833C /* Assets.xcassets */; };
		7B2414FB2561552200E3833C /* Preview Assets.xcassets in Resources */ = {isa = PBXBuildFile; fileRef = 7B2414FA2561552200E3833C /* Preview Assets.xcassets */; };
		7B274009256CE1CB00CE799B /* searchBar.swift in Sources */ = {isa = PBXBuildFile; fileRef = 7B274008256CE1CB00CE799B /* searchBar.swift */; };
		7B567569256A0DB300EE237E /* pieChartView.swift in Sources */ = {isa = PBXBuildFile; fileRef = 7B567568256A0DB300EE237E /* pieChartView.swift */; };
		7B56756D256A0DFA00EE237E /* barGraphView.swift in Sources */ = {isa = PBXBuildFile; fileRef = 7B56756C256A0DFA00EE237E /* barGraphView.swift */; };
		7B567573256A0E7300EE237E /* dramaLIstView.swift in Sources */ = {isa = PBXBuildFile; fileRef = 7B567572256A0E7300EE237E /* dramaLIstView.swift */; };
		7B567576256A0EB500EE237E /* dramaEditorView.swift in Sources */ = {isa = PBXBuildFile; fileRef = 7B567575256A0EB500EE237E /* dramaEditorView.swift */; };
		7B567579256A0EF600EE237E /* chartview.swift in Sources */ = {isa = PBXBuildFile; fileRef = 7B567578256A0EF600EE237E /* chartview.swift */; };
		7B56757C256A101A00EE237E /* donutChartView.swift in Sources */ = {isa = PBXBuildFile; fileRef = 7B56757B256A101A00EE237E /* donutChartView.swift */; };
/* End PBXBuildFile section */

/* Begin PBXFileReference section */
		7B2414F02561551D00E3833C /* iOS_HW5.app */ = {isa = PBXFileReference; explicitFileType = wrapper.application; includeInIndex = 0; path = iOS_HW5.app; sourceTree = BUILT_PRODUCTS_DIR; };
		7B2414F32561551D00E3833C /* iOS_HW5App.swift */ = {isa = PBXFileReference; lastKnownFileType = sourcecode.swift; path = iOS_HW5App.swift; sourceTree = "<group>"; };
		7B2414F52561551D00E3833C /* ContentView.swift */ = {isa = PBXFileReference; lastKnownFileType = sourcecode.swift; path = ContentView.swift; sourceTree = "<group>"; };
		7B2414F72561552200E3833C /* Assets.xcassets */ = {isa = PBXFileReference; lastKnownFileType = folder.assetcatalog; path = Assets.xcassets; sourceTree = "<group>"; };
		7B2414FA2561552200E3833C /* Preview Assets.xcassets */ = {isa = PBXFileReference; lastKnownFileType = folder.assetcatalog; path = "Preview Assets.xcassets"; sourceTree = "<group>"; };
		7B2414FC2561552200E3833C /* Info.plist */ = {isa = PBXFileReference; lastKnownFileType = text.plist.xml; path = Info.plist; sourceTree = "<group>"; };
		7B274008256CE1CB00CE799B /* searchBar.swift */ = {isa = PBXFileReference; lastKnownFileType = sourcecode.swift; path = searchBar.swift; sourceTree = "<group>"; };
		7B567568256A0DB300EE237E /* pieChartView.swift */ = {isa = PBXFileReference; lastKnownFileType = sourcecode.swift; path = pieChartView.swift; sourceTree = "<group>"; };
		7B56756C256A0DFA00EE237E /* barGraphView.swift */ = {isa = PBXFileReference; lastKnownFileType = sourcecode.swift; path = barGraphView.swift; sourceTree = "<group>"; };
		7B567572256A0E7300EE237E /* dramaLIstView.swift */ = {isa = PBXFileReference; lastKnownFileType = sourcecode.swift; path = dramaLIstView.swift; sourceTree = "<group>"; };
		7B567575256A0EB500EE237E /* dramaEditorView.swift */ = {isa = PBXFileReference; lastKnownFileType = sourcecode.swift; path = dramaEditorView.swift; sourceTree = "<group>"; };
		7B567578256A0EF600EE237E /* chartview.swift */ = {isa = PBXFileReference; lastKnownFileType = sourcecode.swift; path = chartview.swift; sourceTree = "<group>"; };
		7B56757B256A101A00EE237E /* donutChartView.swift */ = {isa = PBXFileReference; lastKnownFileType = sourcecode.swift; name = donutChartView.swift; path = ../donutChartView.swift; sourceTree = "<group>"; };
/* End PBXFileReference section */

/* Begin PBXFrameworksBuildPhase section */
		7B2414ED2561551D00E3833C /* Frameworks */ = {
			isa = PBXFrameworksBuildPhase;
			buildActionMask = 2147483647;
			files = (
			);
			runOnlyForDeploymentPostprocessing = 0;
		};
/* End PBXFrameworksBuildPhase section */

/* Begin PBXGroup section */
		7B2414E72561551D00E3833C = {
			isa = PBXGroup;
			children = (
				7B2414F22561551D00E3833C /* iOS_HW5 */,
				7B2414F12561551D00E3833C /* Products */,
			);
			sourceTree = "<group>";
		};
		7B2414F12561551D00E3833C /* Products */ = {
			isa = PBXGroup;
			children = (
				7B2414F02561551D00E3833C /* iOS_HW5.app */,
			);
			name = Products;
			sourceTree = "<group>";
		};
		7B2414F22561551D00E3833C /* iOS_HW5 */ = {
			isa = PBXGroup;
			children = (
				7B56757B256A101A00EE237E /* donutChartView.swift */,
				7B567568256A0DB300EE237E /* pieChartView.swift */,
				7B56756C256A0DFA00EE237E /* barGraphView.swift */,
				7B2414F32561551D00E3833C /* iOS_HW5App.swift */,
				7B2414F52561551D00E3833C /* ContentView.swift */,
				7B567578256A0EF600EE237E /* chartview.swift */,
				7B567575256A0EB500EE237E /* dramaEditorView.swift */,
				7B274008256CE1CB00CE799B /* searchBar.swift */,
				7B567572256A0E7300EE237E /* dramaLIstView.swift */,
				7B2414F72561552200E3833C /* Assets.xcassets */,
				7B2414FC2561552200E3833C /* Info.plist */,
				7B2414F92561552200E3833C /* Preview Content */,
			);
			path = iOS_HW5;
			sourceTree = "<group>";
		};
		7B2414F92561552200E3833C /* Preview Content */ = {
			isa = PBXGroup;
			children = (
				7B2414FA2561552200E3833C /* Preview Assets.xcassets */,
			);
			path = "Preview Content";
			sourceTree = "<group>";
		};
/* End PBXGroup section */

/* Begin PBXNativeTarget section */
		7B2414EF2561551D00E3833C /* iOS_HW5 */ = {
			isa = PBXNativeTarget;
			buildConfigurationList = 7B2414FF2561552200E3833C /* Build configuration list for PBXNativeTarget "iOS_HW5" */;
			buildPhases = (
				7B2414EC2561551D00E3833C /* Sources */,
				7B2414ED2561551D00E3833C /* Frameworks */,
				7B2414EE2561551D00E3833C /* Resources */,
			);
			buildRules = (
			);
			dependencies = (
			);
			name = iOS_HW5;
			productName = iOS_HW5;
			productReference = 7B2414F02561551D00E3833C /* iOS_HW5.app */;
			productType = "com.apple.product-type.application";
		};
/* End PBXNativeTarget section */

/* Begin PBXProject section */
		7B2414E82561551D00E3833C /* Project object */ = {
			isa = PBXProject;
			attributes = {
				LastSwiftUpdateCheck = 1200;
				LastUpgradeCheck = 1200;
				TargetAttributes = {
					7B2414EF2561551D00E3833C = {
						CreatedOnToolsVersion = 12.0;
					};
				};
			};
			buildConfigurationList = 7B2414EB2561551D00E3833C /* Build configuration list for PBXProject "iOS_HW5" */;
			compatibilityVersion = "Xcode 9.3";
			developmentRegion = en;
			hasScannedForEncodings = 0;
			knownRegions = (
				en,
				Base,
			);
			mainGroup = 7B2414E72561551D00E3833C;
			productRefGroup = 7B2414F12561551D00E3833C /* Products */;
			projectDirPath = "";
			projectRoot = "";
			targets = (
				7B2414EF2561551D00E3833C /* iOS_HW5 */,
			);
		};
/* End PBXProject section */

/* Begin PBXResourcesBuildPhase section */
		7B2414EE2561551D00E3833C /* Resources */ = {
			isa = PBXResourcesBuildPhase;
			buildActionMask = 2147483647;
			files = (
				7B2414FB2561552200E3833C /* Preview Assets.xcassets in Resources */,
				7B2414F82561552200E3833C /* Assets.xcassets in Resources */,
			);
			runOnlyForDeploymentPostprocessing = 0;
		};
/* End PBXResourcesBuildPhase section */

/* Begin PBXSourcesBuildPhase section */
		7B2414EC2561551D00E3833C /* Sources */ = {
			isa = PBXSourcesBuildPhase;
			buildActionMask = 2147483647;
			files = (
				7B567569256A0DB300EE237E /* pieChartView.swift in Sources */,
				7B567576256A0EB500EE237E /* dramaEditorView.swift in Sources */,
				7B567573256A0E7300EE237E /* dramaLIstView.swift in Sources */,
				7B2414F62561551D00E3833C /* ContentView.swift in Sources */,
				7B2414F42561551D00E3833C /* iOS_HW5App.swift in Sources */,
				7B56756D256A0DFA00EE237E /* barGraphView.swift in Sources */,
				7B56757C256A101A00EE237E /* donutChartView.swift in Sources */,
				7B567579256A0EF600EE237E /* chartview.swift in Sources */,
				7B274009256CE1CB00CE799B /* searchBar.swift in Sources */,
			);
			runOnlyForDeploymentPostprocessing = 0;
		};
/* End PBXSourcesBuildPhase section */

/* Begin XCBuildConfiguration section */
		7B2414FD2561552200E3833C /* Debug */ = {
			isa = XCBuildConfiguration;
			buildSettings = {
				ALWAYS_SEARCH_USER_PATHS = NO;
				CLANG_ANALYZER_NONNULL = YES;
				CLANG_ANALYZER_NUMBER_OBJECT_CONVERSION = YES_AGGRESSIVE;
				CLANG_CXX_LANGUAGE_STANDARD = "gnu++14";
				CLANG_CXX_LIBRARY = "libc++";
				CLANG_ENABLE_MODULES = YES;
				CLANG_ENABLE_OBJC_ARC = YES;
				CLANG_ENABLE_OBJC_WEAK = YES;
				CLANG_WARN_BLOCK_CAPTURE_AUTORELEASING = YES;
				CLANG_WARN_BOOL_CONVERSION = YES;
				CLANG_WARN_COMMA = YES;
				CLANG_WARN_CONSTANT_CONVERSION = YES;
				CLANG_WARN_DEPRECATED_OBJC_IMPLEMENTATIONS = YES;
				CLANG_WARN_DIRECT_OBJC_ISA_USAGE = YES_ERROR;
				CLANG_WARN_DOCUMENTATION_COMMENTS = YES;
				CLANG_WARN_EMPTY_BODY = YES;
				CLANG_WARN_ENUM_CONVERSION = YES;
				CLANG_WARN_INFINITE_RECURSION = YES;
				CLANG_WARN_INT_CONVERSION = YES;
				CLANG_WARN_NON_LITERAL_NULL_CONVERSION = YES;
				CLANG_WARN_OBJC_IMPLICIT_RETAIN_SELF = YES;
				CLANG_WARN_OBJC_LITERAL_CONVERSION = YES;
				CLANG_WARN_OBJC_ROOT_CLASS = YES_ERROR;
				CLANG_WARN_QUOTED_INCLUDE_IN_FRAMEWORK_HEADER = YES;
				CLANG_WARN_RANGE_LOOP_ANALYSIS = YES;
				CLANG_WARN_STRICT_PROTOTYPES = YES;
				CLANG_WARN_SUSPICIOUS_MOVE = YES;
				CLANG_WARN_UNGUARDED_AVAILABILITY = YES_AGGRESSIVE;
				CLANG_WARN_UNREACHABLE_CODE = YES;
				CLANG_WARN__DUPLICATE_METHOD_MATCH = YES;
				COPY_PHASE_STRIP = NO;
				DEBUG_INFORMATION_FORMAT = dwarf;
				ENABLE_STRICT_OBJC_MSGSEND = YES;
				ENABLE_TESTABILITY = YES;
				GCC_C_LANGUAGE_STANDARD = gnu11;
				GCC_DYNAMIC_NO_PIC = NO;
				GCC_NO_COMMON_BLOCKS = YES;
				GCC_OPTIMIZATION_LEVEL = 0;
				GCC_PREPROCESSOR_DEFINITIONS = (
					"DEBUG=1",
					"$(inherited)",
				);
				GCC_WARN_64_TO_32_BIT_CONVERSION = YES;
				GCC_WARN_ABOUT_RETURN_TYPE = YES_ERROR;
				GCC_WARN_UNDECLARED_SELECTOR = YES;
				GCC_WARN_UNINITIALIZED_AUTOS = YES_AGGRESSIVE;
				GCC_WARN_UNUSED_FUNCTION = YES;
				GCC_WARN_UNUSED_VARIABLE = YES;
				IPHONEOS_DEPLOYMENT_TARGET = 14.0;
				MTL_ENABLE_DEBUG_INFO = INCLUDE_SOURCE;
				MTL_FAST_MATH = YES;
				ONLY_ACTIVE_ARCH = YES;
				SDKROOT = iphoneos;
				SWIFT_ACTIVE_COMPILATION_CONDITIONS = DEBUG;
				SWIFT_OPTIMIZATION_LEVEL = "-Onone";
			};
			name = Debug;
		};
		7B2414FE2561552200E3833C /* Release */ = {
			isa = XCBuildConfiguration;
			buildSettings = {
				ALWAYS_SEARCH_USER_PATHS = NO;
				CLANG_ANALYZER_NONNULL = YES;
				CLANG_ANALYZER_NUMBER_OBJECT_CONVERSION = YES_AGGRESSIVE;
				CLANG_CXX_LANGUAGE_STANDARD = "gnu++14";
				CLANG_CXX_LIBRARY = "libc++";
				CLANG_ENABLE_MODULES = YES;
				CLANG_ENABLE_OBJC_ARC = YES;
				CLANG_ENABLE_OBJC_WEAK = YES;
				CLANG_WARN_BLOCK_CAPTURE_AUTORELEASING = YES;
				CLANG_WARN_BOOL_CONVERSION = YES;
				CLANG_WARN_COMMA = YES;
				CLANG_WARN_CONSTANT_CONVERSION = YES;
				CLANG_WARN_DEPRECATED_OBJC_IMPLEMENTATIONS = YES;
				CLANG_WARN_DIRECT_OBJC_ISA_USAGE = YES_ERROR;
				CLANG_WARN_DOCUMENTATION_COMMENTS = YES;
				CLANG_WARN_EMPTY_BODY = YES;
				CLANG_WARN_ENUM_CONVERSION = YES;
				CLANG_WARN_INFINITE_RECURSION = YES;
				CLANG_WARN_INT_CONVERSION = YES;
				CLANG_WARN_NON_LITERAL_NULL_CONVERSION = YES;
				CLANG_WARN_OBJC_IMPLICIT_RETAIN_SELF = YES;
				CLANG_WARN_OBJC_LITERAL_CONVERSION = YES;
				CLANG_WARN_OBJC_ROOT_CLASS = YES_ERROR;
				CLANG_WARN_QUOTED_INCLUDE_IN_FRAMEWORK_HEADER = YES;
				CLANG_WARN_RANGE_LOOP_ANALYSIS = YES;
				CLANG_WARN_STRICT_PROTOTYPES = YES;
				CLANG_WARN_SUSPICIOUS_MOVE = YES;
				CLANG_WARN_UNGUARDED_AVAILABILITY = YES_AGGRESSIVE;
				CLANG_WARN_UNREACHABLE_CODE = YES;
				CLANG_WARN__DUPLICATE_METHOD_MATCH = YES;
				COPY_PHASE_STRIP = NO;
				DEBUG_INFORMATION_FORMAT = "dwarf-with-dsym";
				ENABLE_NS_ASSERTIONS = NO;
				ENABLE_STRICT_OBJC_MSGSEND = YES;
				GCC_C_LANGUAGE_STANDARD = gnu11;
				GCC_NO_COMMON_BLOCKS = YES;
				GCC_WARN_64_TO_32_BIT_CONVERSION = YES;
				GCC_WARN_ABOUT_RETURN_TYPE = YES_ERROR;
				GCC_WARN_UNDECLARED_SELECTOR = YES;
				GCC_WARN_UNINITIALIZED_AUTOS = YES_AGGRESSIVE;
				GCC_WARN_UNUSED_FUNCTION = YES;
				GCC_WARN_UNUSED_VARIABLE = YES;
				IPHONEOS_DEPLOYMENT_TARGET = 14.0;
				MTL_ENABLE_DEBUG_INFO = NO;
				MTL_FAST_MATH = YES;
				SDKROOT = iphoneos;
				SWIFT_COMPILATION_MODE = wholemodule;
				SWIFT_OPTIMIZATION_LEVEL = "-O";
				VALIDATE_PRODUCT = YES;
			};
			name = Release;
		};
		7B2415002561552200E3833C /* Debug */ = {
			isa = XCBuildConfiguration;
			buildSettings = {
				ASSETCATALOG_COMPILER_APPICON_NAME = AppIcon;
				ASSETCATALOG_COMPILER_GLOBAL_ACCENT_COLOR_NAME = AccentColor;
				CODE_SIGN_STYLE = Automatic;
				DEVELOPMENT_ASSET_PATHS = "\"iOS_HW5/Preview Content\"";
				ENABLE_PREVIEWS = YES;
				INFOPLIST_FILE = iOS_HW5/Info.plist;
				IPHONEOS_DEPLOYMENT_TARGET = 14.0;
				LD_RUNPATH_SEARCH_PATHS = (
					"$(inherited)",
					"@executable_path/Frameworks",
				);
				PRODUCT_BUNDLE_IDENTIFIER = "ntou.Patty.iOS-HW5.iOS-HW5";
				PRODUCT_NAME = "$(TARGET_NAME)";
				SWIFT_VERSION = 5.0;
				TARGETED_DEVICE_FAMILY = "1,2";
			};
			name = Debug;
		};
		7B2415012561552200E3833C /* Release */ = {
			isa = XCBuildConfiguration;
			buildSettings = {
				ASSETCATALOG_COMPILER_APPICON_NAME = AppIcon;
				ASSETCATALOG_COMPILER_GLOBAL_ACCENT_COLOR_NAME = AccentColor;
				CODE_SIGN_STYLE = Automatic;
				DEVELOPMENT_ASSET_PATHS = "\"iOS_HW5/Preview Content\"";
				ENABLE_PREVIEWS = YES;
				INFOPLIST_FILE = iOS_HW5/Info.plist;
				IPHONEOS_DEPLOYMENT_TARGET = 14.0;
				LD_RUNPATH_SEARCH_PATHS = (
					"$(inherited)",
					"@executable_path/Frameworks",
				);
				PRODUCT_BUNDLE_IDENTIFIER = "ntou.Patty.iOS-HW5.iOS-HW5";
				PRODUCT_NAME = "$(TARGET_NAME)";
				SWIFT_VERSION = 5.0;
				TARGETED_DEVICE_FAMILY = "1,2";
			};
			name = Release;
		};
/* End XCBuildConfiguration section */

/* Begin XCConfigurationList section */
		7B2414EB2561551D00E3833C /* Build configuration list for PBXProject "iOS_HW5" */ = {
			isa = XCConfigurationList;
			buildConfigurations = (
				7B2414FD2561552200E3833C /* Debug */,
				7B2414FE2561552200E3833C /* Release */,
			);
			defaultConfigurationIsVisible = 0;
			defaultConfigurationName = Release;
		};
		7B2414FF2561552200E3833C /* Build configuration list for PBXNativeTarget "iOS_HW5" */ = {
			isa = XCConfigurationList;
			buildConfigurations = (
				7B2415002561552200E3833C /* Debug */,
				7B2415012561552200E3833C /* Release */,
			);
			defaultConfigurationIsVisible = 0;
			defaultConfigurationName = Release;
		};
/* End XCConfigurationList section */
	};
	rootObject = 7B2414E82561551D00E3833C /* Project object */;
}
